// !$*UTF8*$!
{
	archiveVersion = 1;
	classes = {
	};
	objectVersion = 46;
	objects = {

/* Begin PBXBuildFile section */
		360735A81B56109E00F35478 /* AppDelegate.swift in Sources */ = {isa = PBXBuildFile; fileRef = 360735A71B56109E00F35478 /* AppDelegate.swift */; };
		360735AA1B56109E00F35478 /* ViewController.swift in Sources */ = {isa = PBXBuildFile; fileRef = 360735A91B56109E00F35478 /* ViewController.swift */; };
		360735AD1B56109E00F35478 /* Main.storyboard in Resources */ = {isa = PBXBuildFile; fileRef = 360735AB1B56109E00F35478 /* Main.storyboard */; };
		360735AF1B56109E00F35478 /* Images.xcassets in Resources */ = {isa = PBXBuildFile; fileRef = 360735AE1B56109E00F35478 /* Images.xcassets */; };
		360735B21B56109E00F35478 /* LaunchScreen.xib in Resources */ = {isa = PBXBuildFile; fileRef = 360735B01B56109E00F35478 /* LaunchScreen.xib */; };
		360735BE1B56109E00F35478 /* CounterAppTests.swift in Sources */ = {isa = PBXBuildFile; fileRef = 360735BD1B56109E00F35478 /* CounterAppTests.swift */; };
/* End PBXBuildFile section */

/* Begin PBXContainerItemProxy section */
		360735B81B56109E00F35478 /* PBXContainerItemProxy */ = {
			isa = PBXContainerItemProxy;
			containerPortal = 3607359A1B56109E00F35478 /* Project object */;
			proxyType = 1;
			remoteGlobalIDString = 360735A11B56109E00F35478;
			remoteInfo = CounterApp;
		};
/* End PBXContainerItemProxy section */

/* Begin PBXFileReference section */
		360735A21B56109E00F35478 /* CounterApp.app */ = {isa = PBXFileReference; explicitFileType = wrapper.application; includeInIndex = 0; path = CounterApp.app; sourceTree = BUILT_PRODUCTS_DIR; };
		360735A61B56109E00F35478 /* Info.plist */ = {isa = PBXFileReference; lastKnownFileType = text.plist.xml; path = Info.plist; sourceTree = "<group>"; };
		360735A71B56109E00F35478 /* AppDelegate.swift */ = {isa = PBXFileReference; lastKnownFileType = sourcecode.swift; path = AppDelegate.swift; sourceTree = "<group>"; };
		360735A91B56109E00F35478 /* ViewController.swift */ = {isa = PBXFileReference; lastKnownFileType = sourcecode.swift; path = ViewController.swift; sourceTree = "<group>"; };
		360735AC1B56109E00F35478 /* Base */ = {isa = PBXFileReference; lastKnownFileType = file.storyboard; name = Base; path = Base.lproj/Main.storyboard; sourceTree = "<group>"; };
		360735AE1B56109E00F35478 /* Images.xcassets */ = {isa = PBXFileReference; lastKnownFileType = folder.assetcatalog; path = Images.xcassets; sourceTree = "<group>"; };
		360735B11B56109E00F35478 /* Base */ = {isa = PBXFileReference; lastKnownFileType = file.xib; name = Base; path = Base.lproj/LaunchScreen.xib; sourceTree = "<group>"; };
		360735B71B56109E00F35478 /* CounterAppTests.xctest */ = {isa = PBXFileReference; explicitFileType = wrapper.cfbundle; includeInIndex = 0; path = CounterAppTests.xctest; sourceTree = BUILT_PRODUCTS_DIR; };
		360735BC1B56109E00F35478 /* Info.plist */ = {isa = PBXFileReference; lastKnownFileType = text.plist.xml; path = Info.plist; sourceTree = "<group>"; };
		360735BD1B56109E00F35478 /* CounterAppTests.swift */ = {isa = PBXFileReference; lastKnownFileType = sourcecode.swift; path = CounterAppTests.swift; sourceTree = "<group>"; };
/* End PBXFileReference section */

/* Begin PBXFrameworksBuildPhase section */
		3607359F1B56109E00F35478 /* Frameworks */ = {
			isa = PBXFrameworksBuildPhase;
			buildActionMask = 2147483647;
			files = (
			);
			runOnlyForDeploymentPostprocessing = 0;
		};
		360735B41B56109E00F35478 /* Frameworks */ = {
			isa = PBXFrameworksBuildPhase;
			buildActionMask = 2147483647;
			files = (
			);
			runOnlyForDeploymentPostprocessing = 0;
		};
/* End PBXFrameworksBuildPhase section */

/* Begin PBXGroup section */
		360735991B56109E00F35478 = {
			isa = PBXGroup;
			children = (
				360735A41B56109E00F35478 /* CounterApp */,
				360735BA1B56109E00F35478 /* CounterAppTests */,
				360735A31B56109E00F35478 /* Products */,
			);
			sourceTree = "<group>";
		};
		360735A31B56109E00F35478 /* Products */ = {
			isa = PBXGroup;
			children = (
				360735A21B56109E00F35478 /* CounterApp.app */,
				360735B71B56109E00F35478 /* CounterAppTests.xctest */,
			);
			name = Products;
			sourceTree = "<group>";
		};
		360735A41B56109E00F35478 /* CounterApp */ = {
			isa = PBXGroup;
			children = (
				360735A71B56109E00F35478 /* AppDelegate.swift */,
				360735A91B56109E00F35478 /* ViewController.swift */,
				360735AB1B56109E00F35478 /* Main.storyboard */,
				360735AE1B56109E00F35478 /* Images.xcassets */,
				360735B01B56109E00F35478 /* LaunchScreen.xib */,
				360735A51B56109E00F35478 /* Supporting Files */,
			);
			path = CounterApp;
			sourceTree = "<group>";
		};
		360735A51B56109E00F35478 /* Supporting Files */ = {
			isa = PBXGroup;
			children = (
				360735A61B56109E00F35478 /* Info.plist */,
			);
			name = "Supporting Files";
			sourceTree = "<group>";
		};
		360735BA1B56109E00F35478 /* CounterAppTests */ = {
			isa = PBXGroup;
			children = (
				360735BD1B56109E00F35478 /* CounterAppTests.swift */,
				360735BB1B56109E00F35478 /* Supporting Files */,
			);
			path = CounterAppTests;
			sourceTree = "<group>";
		};
		360735BB1B56109E00F35478 /* Supporting Files */ = {
			isa = PBXGroup;
			children = (
				360735BC1B56109E00F35478 /* Info.plist */,
			);
			name = "Supporting Files";
			sourceTree = "<group>";
		};
/* End PBXGroup section */

/* Begin PBXNativeTarget section */
		360735A11B56109E00F35478 /* CounterApp */ = {
			isa = PBXNativeTarget;
			buildConfigurationList = 360735C11B56109E00F35478 /* Build configuration list for PBXNativeTarget "CounterApp" */;
			buildPhases = (
				3607359E1B56109E00F35478 /* Sources */,
				3607359F1B56109E00F35478 /* Frameworks */,
				360735A01B56109E00F35478 /* Resources */,
			);
			buildRules = (
			);
			dependencies = (
			);
			name = CounterApp;
			productName = CounterApp;
			productReference = 360735A21B56109E00F35478 /* CounterApp.app */;
			productType = "com.apple.product-type.application";
		};
		360735B61B56109E00F35478 /* CounterAppTests */ = {
			isa = PBXNativeTarget;
			buildConfigurationList = 360735C41B56109E00F35478 /* Build configuration list for PBXNativeTarget "CounterAppTests" */;
			buildPhases = (
				360735B31B56109E00F35478 /* Sources */,
				360735B41B56109E00F35478 /* Frameworks */,
				360735B51B56109E00F35478 /* Resources */,
			);
			buildRules = (
			);
			dependencies = (
				360735B91B56109E00F35478 /* PBXTargetDependency */,
			);
			name = CounterAppTests;
			productName = CounterAppTests;
			productReference = 360735B71B56109E00F35478 /* CounterAppTests.xctest */;
			productType = "com.apple.product-type.bundle.unit-test";
		};
/* End PBXNativeTarget section */

/* Begin PBXProject section */
		3607359A1B56109E00F35478 /* Project object */ = {
			isa = PBXProject;
			attributes = {
				LastUpgradeCheck = 0630;
				ORGANIZATIONNAME = "Juliana Hong";
				TargetAttributes = {
					360735A11B56109E00F35478 = {
						CreatedOnToolsVersion = 6.3.2;
					};
					360735B61B56109E00F35478 = {
						CreatedOnToolsVersion = 6.3.2;
						TestTargetID = 360735A11B56109E00F35478;
					};
				};
			};
			buildConfigurationList = 3607359D1B56109E00F35478 /* Build configuration list for PBXProject "CounterApp" */;
			compatibilityVersion = "Xcode 3.2";
			developmentRegion = English;
			hasScannedForEncodings = 0;
			knownRegions = (
				en,
				Base,
			);
			mainGroup = 360735991B56109E00F35478;
			productRefGroup = 360735A31B56109E00F35478 /* Products */;
			projectDirPath = "";
			projectRoot = "";
			targets = (
				360735A11B56109E00F35478 /* CounterApp */,
				360735B61B56109E00F35478 /* CounterAppTests */,
			);
		};
/* End PBXProject section */

/* Begin PBXResourcesBuildPhase section */
		360735A01B56109E00F35478 /* Resources */ = {
			isa = PBXResourcesBuildPhase;
			buildActionMask = 2147483647;
			files = (
				360735AD1B56109E00F35478 /* Main.storyboard in Resources */,
				360735B21B56109E00F35478 /* LaunchScreen.xib in Resources */,
				360735AF1B56109E00F35478 /* Images.xcassets in Resources */,
			);
			runOnlyForDeploymentPostprocessing = 0;
		};
		360735B51B56109E00F35478 /* Resources */ = {
			isa = PBXResourcesBuildPhase;
			buildActionMask = 2147483647;
			files = (
			);
			runOnlyForDeploymentPostprocessing = 0;
		};
/* End PBXResourcesBuildPhase section */

/* Begin PBXSourcesBuildPhase section */
		3607359E1B56109E00F35478 /* Sources */ = {
			isa = PBXSourcesBuildPhase;
			buildActionMask = 2147483647;
			files = (
				360735AA1B56109E00F35478 /* ViewController.swift in Sources */,
				360735A81B56109E00F35478 /* AppDelegate.swift in Sources */,
			);
			runOnlyForDeploymentPostprocessing = 0;
		};
		360735B31B56109E00F35478 /* Sources */ = {
			isa = PBXSourcesBuildPhase;
			buildActionMask = 2147483647;
			files = (
				360735BE1B56109E00F35478 /* CounterAppTests.swift in Sources */,
			);
			runOnlyForDeploymentPostprocessing = 0;
		};
/* End PBXSourcesBuildPhase section */

/* Begin PBXTargetDependency section */
		360735B91B56109E00F35478 /* PBXTargetDependency */ = {
			isa = PBXTargetDependency;
			target = 360735A11B56109E00F35478 /* CounterApp */;
			targetProxy = 360735B81B56109E00F35478 /* PBXContainerItemProxy */;
		};
/* End PBXTargetDependency section */

/* Begin PBXVariantGroup section */
		360735AB1B56109E00F35478 /* Main.storyboard */ = {
			isa = PBXVariantGroup;
			children = (
				360735AC1B56109E00F35478 /* Base */,
			);
			name = Main.storyboard;
			sourceTree = "<group>";
		};
		360735B01B56109E00F35478 /* LaunchScreen.xib */ = {
			isa = PBXVariantGroup;
			children = (
				360735B11B56109E00F35478 /* Base */,
			);
			name = LaunchScreen.xib;
			sourceTree = "<group>";
		};
/* End PBXVariantGroup section */

/* Begin XCBuildConfiguration section */
		360735BF1B56109E00F35478 /* Debug */ = {
			isa = XCBuildConfiguration;
			buildSettings = {
				ALWAYS_SEARCH_USER_PATHS = NO;
				CLANG_CXX_LANGUAGE_STANDARD = "gnu++0x";
				CLANG_CXX_LIBRARY = "libc++";
				CLANG_ENABLE_MODULES = YES;
				CLANG_ENABLE_OBJC_ARC = YES;
				CLANG_WARN_BOOL_CONVERSION = YES;
				CLANG_WARN_CONSTANT_CONVERSION = YES;
				CLANG_WARN_DIRECT_OBJC_ISA_USAGE = YES_ERROR;
				CLANG_WARN_EMPTY_BODY = YES;
				CLANG_WARN_ENUM_CONVERSION = YES;
				CLANG_WARN_INT_CONVERSION = YES;
				CLANG_WARN_OBJC_ROOT_CLASS = YES_ERROR;
				CLANG_WARN_UNREACHABLE_CODE = YES;
				CLANG_WARN__DUPLICATE_METHOD_MATCH = YES;
				"CODE_SIGN_IDENTITY[sdk=iphoneos*]" = "iPhone Developer";
				COPY_PHASE_STRIP = NO;
				DEBUG_INFORMATION_FORMAT = "dwarf-with-dsym";
				ENABLE_STRICT_OBJC_MSGSEND = YES;
				GCC_C_LANGUAGE_STANDARD = gnu99;
				GCC_DYNAMIC_NO_PIC = NO;
				GCC_NO_COMMON_BLOCKS = YES;
				GCC_OPTIMIZATION_LEVEL = 0;
				GCC_PREPROCESSOR_DEFINITIONS = (
					"DEBUG=1",
					"$(inherited)",
				);
				GCC_SYMBOLS_PRIVATE_EXTERN = NO;
				GCC_WARN_64_TO_32_BIT_CONVERSION = YES;
				GCC_WARN_ABOUT_RETURN_TYPE = YES_ERROR;
				GCC_WARN_UNDECLARED_SELECTOR = YES;
				GCC_WARN_UNINITIALIZED_AUTOS = YES_AGGRESSIVE;
				GCC_WARN_UNUSED_FUNCTION = YES;
				GCC_WARN_UNUSED_VARIABLE = YES;
				IPHONEOS_DEPLOYMENT_TARGET = 8.3;
				MTL_ENABLE_DEBUG_INFO = YES;
				ONLY_ACTIVE_ARCH = YES;
				SDKROOT = iphoneos;
				SWIFT_OPTIMIZATION_LEVEL = "-Onone";
				TARGETED_DEVICE_FAMILY = "1,2";
			};
			name = Debug;
		};
		360735C01B56109E00F35478 /* Release */ = {
			isa = XCBuildConfiguration;
			buildSettings = {
				ALWAYS_SEARCH_USER_PATHS = NO;
				CLANG_CXX_LANGUAGE_STANDARD = "gnu++0x";
				CLANG_CXX_LIBRARY = "libc++";
				CLANG_ENABLE_MODULES = YES;
				CLANG_ENABLE_OBJC_ARC = YES;
				CLANG_WARN_BOOL_CONVERSION = YES;
				CLANG_WARN_CONSTANT_CONVERSION = YES;
				CLANG_WARN_DIRECT_OBJC_ISA_USAGE = YES_ERROR;
				CLANG_WARN_EMPTY_BODY = YES;
				CLANG_WARN_ENUM_CONVERSION = YES;
				CLANG_WARN_INT_CONVERSION = YES;
				CLANG_WARN_OBJC_ROOT_CLASS = YES_ERROR;
				CLANG_WARN_UNREACHABLE_CODE = YES;
				CLANG_WARN__DUPLICATE_METHOD_MATCH = YES;
				"CODE_SIGN_IDENTITY[sdk=iphoneos*]" = "iPhone Developer";
				COPY_PHASE_STRIP = NO;
				DEBUG_INFORMATION_FORMAT = "dwarf-with-dsym";
				ENABLE_NS_ASSERTIONS = NO;
				ENABLE_STRICT_OBJC_MSGSEND = YES;
				GCC_C_LANGUAGE_STANDARD = gnu99;
				GCC_NO_COMMON_BLOCKS = YES;
				GCC_WARN_64_TO_32_BIT_CONVERSION = YES;
				GCC_WARN_ABOUT_RETURN_TYPE = YES_ERROR;
				GCC_WARN_UNDECLARED_SELECTOR = YES;
				GCC_WARN_UNINITIALIZED_AUTOS = YES_AGGRESSIVE;
				GCC_WARN_UNUSED_FUNCTION = YES;
				GCC_WARN_UNUSED_VARIABLE = YES;
				IPHONEOS_DEPLOYMENT_TARGET = 8.3;
				MTL_ENABLE_DEBUG_INFO = NO;
				SDKROOT = iphoneos;
				TARGETED_DEVICE_FAMILY = "1,2";
				VALIDATE_PRODUCT = YES;
			};
			name = Release;
		};
		360735C21B56109E00F35478 /* Debug */ = {
			isa = XCBuildConfiguration;
			buildSettings = {
				ASSETCATALOG_COMPILER_APPICON_NAME = AppIcon;
				INFOPLIST_FILE = CounterApp/Info.plist;
				LD_RUNPATH_SEARCH_PATHS = "$(inherited) @executable_path/Frameworks";
				PRODUCT_NAME = "$(TARGET_NAME)";
			};
			name = Debug;
		};
		360735C31B56109E00F35478 /* Release */ = {
			isa = XCBuildConfiguration;
			buildSettings = {
				ASSETCATALOG_COMPILER_APPICON_NAME = AppIcon;
				INFOPLIST_FILE = CounterApp/Info.plist;
				LD_RUNPATH_SEARCH_PATHS = "$(inherited) @executable_path/Frameworks";
				PRODUCT_NAME = "$(TARGET_NAME)";
			};
			name = Release;
		};
		360735C51B56109E00F35478 /* Debug */ = {
			isa = XCBuildConfiguration;
			buildSettings = {
				BUNDLE_LOADER = "$(TEST_HOST)";
				FRAMEWORK_SEARCH_PATHS = (
					"$(SDKROOT)/Developer/Library/Frameworks",
					"$(inherited)",
				);
				GCC_PREPROCESSOR_DEFINITIONS = (
					"DEBUG=1",
					"$(inherited)",
				);
				INFOPLIST_FILE = CounterAppTests/Info.plist;
				LD_RUNPATH_SEARCH_PATHS = "$(inherited) @executable_path/Frameworks @loader_path/Frameworks";
				PRODUCT_NAME = "$(TARGET_NAME)";
				TEST_HOST = "$(BUILT_PRODUCTS_DIR)/CounterApp.app/CounterApp";
			};
			name = Debug;
		};
		360735C61B56109E00F35478 /* Release */ = {
			isa = XCBuildConfiguration;
			buildSettings = {
				BUNDLE_LOADER = "$(TEST_HOST)";
				FRAMEWORK_SEARCH_PATHS = (
					"$(SDKROOT)/Developer/Library/Frameworks",
					"$(inherited)",
				);
				INFOPLIST_FILE = CounterAppTests/Info.plist;
				LD_RUNPATH_SEARCH_PATHS = "$(inherited) @executable_path/Frameworks @loader_path/Frameworks";
				PRODUCT_NAME = "$(TARGET_NAME)";
				TEST_HOST = "$(BUILT_PRODUCTS_DIR)/CounterApp.app/CounterApp";
			};
			name = Release;
		};
/* End XCBuildConfiguration section */

/* Begin XCConfigurationList section */
		3607359D1B56109E00F35478 /* Build configuration list for PBXProject "CounterApp" */ = {
			isa = XCConfigurationList;
			buildConfigurations = (
				360735BF1B56109E00F35478 /* Debug */,
				360735C01B56109E00F35478 /* Release */,
			);
			defaultConfigurationIsVisible = 0;
			defaultConfigurationName = Release;
		};
		360735C11B56109E00F35478 /* Build configuration list for PBXNativeTarget "CounterApp" */ = {
			isa = XCConfigurationList;
			buildConfigurations = (
				360735C21B56109E00F35478 /* Debug */,
				360735C31B56109E00F35478 /* Release */,
			);
			defaultConfigurationIsVisible = 0;
		};
		360735C41B56109E00F35478 /* Build configuration list for PBXNativeTarget "CounterAppTests" */ = {
			isa = XCConfigurationList;
			buildConfigurations = (
				360735C51B56109E00F35478 /* Debug */,
				360735C61B56109E00F35478 /* Release */,
			);
			defaultConfigurationIsVisible = 0;
		};
/* End XCConfigurationList section */
	};
	rootObject = 3607359A1B56109E00F35478 /* Project object */;
}
